<?xml version="1.0" encoding="UTF-8" standalone="yes" ?>
<CodeBlocks_project_file>
	<FileVersion major="1" minor="6" />
	<Project>
		<Option title="wx-nfp" />
		<Option compiler="gcc" />
		<Build>
			<Target title="win_release_static">
				<Option output="wx-nfp_static.exe" prefix_auto="0" extension_auto="0" />
				<Option working_dir="bin" />
				<Option object_output=".objs/win_release_static" />
				<Option type="0" />
				<Option compiler="gcc" />
				<Option projectResourceIncludeDirsRelation="0" />
				<Compiler>
					<Add option="-Os" />
					<Add option="-O" />
					<Add option="-Wall" />
					<Add option="-pipe" />
					<Add option="-mthreads" />
					<Add option="-D__GNUWIN32__" />
					<Add option="-D__WXMSW__" />
					<Add option="-DwxUSE_UNICODE" />
					<Add directory="$(#wx)/include" />
					<Add directory="$(#wx)/lib/gcc_lib/mswu" />
					<Add directory="$(#wx)/contrib/include" />
				</Compiler>
				<Linker>
					<Add option="-s" />
					<Add library="wxmsw28u" />
					<Add library="winspool" />
					<Add library="winmm" />
					<Add library="shell32" />
					<Add library="comctl32" />
					<Add library="ctl3d32" />
					<Add library="odbc32" />
					<Add library="advapi32" />
					<Add library="wsock32" />
					<Add library="opengl32" />
					<Add library="glu32" />
					<Add library="ole32" />
					<Add library="oleaut32" />
					<Add library="uuid" />
					<Add library="libwxzlib" />
					<Add directory="$(#wx)/lib/gcc_lib" />
				</Linker>
			</Target>
			<Target title="win_release">
				<Option output="wx-nfp.exe" prefix_auto="0" extension_auto="0" />
				<Option working_dir="bin" />
				<Option object_output=".objs/win_release" />
				<Option type="0" />
				<Option compiler="gcc" />
				<Option projectResourceIncludeDirsRelation="0" />
				<Compiler>
					<Add option="-Os" />
					<Add option="-O" />
					<Add option="-Wall" />
					<Add option="-pipe" />
					<Add option="-mthreads" />
					<Add option='[[if (PLATFORM == PLATFORM_MSW &amp;&amp; (GetCompilerFactory().GetCompilerVersionString(_T(&quot;gcc&quot;)) &gt;= _T(&quot;4.0.0&quot;))) print(_T(&quot;-Wno-attributes&quot;));]]' />
					<Add option="-D__GNUWIN32__" />
					<Add option="-D__WXMSW__" />
					<Add option="-DWXUSINGDLL" />
					<Add option="-DwxUSE_UNICODE" />
					<Add directory="$(#wx)/include" />
					<Add directory="$(#wx)/lib/gcc_dll/mswu" />
					<Add directory="$(#wx)/contrib/include" />
				</Compiler>
				<ResourceCompiler>
					<Add directory="$(#wx)/lib/gcc_dll/mswu" />
				</ResourceCompiler>
				<Linker>
					<Add option="-s" />
					<Add library="libwxmsw28u_core" />
					<Add library="libwxbase28u" />
					<Add library="libwxbase28u_net" />
					<Add library="libwxmsw28u_html" />
					<Add library="libwxbase28u_xml" />
					<Add library="libwxexpat" />
					<Add library="libwxmsw28u_adv" />
					<Add library="libwxzlib" />
					<Add directory="$(#wx)/lib/gcc_dll" />
				</Linker>
			</Target>
			<Target title="win_debug">
				<Option output="wx-nfp_debug.exe" prefix_auto="0" extension_auto="0" />
				<Option working_dir="bin" />
				<Option object_output=".objs/win_debug" />
				<Option type="0" />
				<Option compiler="gcc" />
				<Option projectResourceIncludeDirsRelation="0" />
				<Compiler>
					<Add option="-Wall" />
					<Add option="-g" />
					<Add option="-pipe" />
					<Add option="-mthreads" />
					<Add option="-D__GNUWIN32__" />
					<Add option="-D__WXMSW__" />
					<Add option="-DWXUSINGDLL" />
					<Add option="-DwxUSE_UNICODE" />
					<Add option="-D__WXDEBUG__" />
					<Add directory="$(#wx)/include" />
					<Add directory="$(#wx)/lib/gcc_dll/mswud" />
					<Add directory="$(#wx)/contrib/include" />
				</Compiler>
				<Linker>
					<Add library="libwxmsw28ud_core" />
					<Add library="libwxbase28ud" />
					<Add library="libwxbase28ud_net" />
					<Add library="libwxmsw28ud_html" />
					<Add library="libwxbase28ud_xml" />
					<Add library="libwxexpatd" />
					<Add library="libwxmsw28ud_adv" />
					<Add library="libwxzlibd" />
					<Add directory="$(#wx)/lib/gcc_dll" />
				</Linker>
			</Target>
			<Target title="linux_release">
				<Option output="wx-nfp" prefix_auto="0" extension_auto="0" />
				<Option working_dir="bin" />
				<Option object_output=".objs/linux_release" />
				<Option type="0" />
				<Option compiler="gcc" />
				<Compiler>
					<Add option="`/usr/bin/wx-config --cflags --unicode=yes`" />
					<Add option="-DwxUSE_UNICODE" />
				</Compiler>
				<Linker>
					<Add option="-s" />
					<Add option="`/usr/bin/wx-config --libs`" />
				</Linker>
			</Target>
			<Target title="linux_debug">
				<Option output="wx-nfp_debug" prefix_auto="0" extension_auto="0" />
				<Option working_dir="bin" />
				<Option object_output=".objs/linux_debug" />
				<Option type="0" />
				<Option compiler="gcc" />
				<Compiler>
					<Add option="-g" />
					<Add option="`/usr/bin/wx-config --cflags --unicode=yes --debug=yes`" />
					<Add option="-DwxUSE_UNICODE" />
				</Compiler>
				<Linker>
					<Add option="`/usr/bin/wx-config --libs --debug=yes`" />
				</Linker>
			</Target>
			<Target title="linux_debug_wx2.9">
				<Option output="wx-nfp_debug_wx2.9" prefix_auto="0" extension_auto="0" />
				<Option working_dir="bin" />
				<Option object_output=".objs/linux_debug_wx2.9" />
				<Option type="0" />
				<Option compiler="gcc" />
				<Compiler>
					<Add option="-g" />
					<Add option="-DwxUSE_UNICODE" />
					<Add option="`/usr/bin/wx-config --cflags --unicode=yes --debug=yes --version=2.9`" />
				</Compiler>
				<Linker>
					<Add option="`/usr/bin/wx-config --libs --debug=yes --version=2.9`" />
				</Linker>
			</Target>
		</Build>
		<VirtualTargets>
			<Add alias="All" targets="default;" />
		</VirtualTargets>
		<Compiler>
			<Add directory="include" />
		</Compiler>
		<ResourceCompiler>
			<Add directory="$(#wx)/include" />
		</ResourceCompiler>
		<Unit filename="include/aboutFrame.h" />
		<Unit filename="include/cardEntry.h" />
		<Unit filename="include/cardFrame.h" />
		<Unit filename="include/chart.h" />
		<Unit filename="include/configClass.h" />
		<Unit filename="include/configFrame.h" />
		<Unit filename="include/customChartWindow.h" />
		<Unit filename="include/customPrintout.h" />
		<Unit filename="include/customWindowLeft.h" />
		<Unit filename="include/customWindowMain.h" />
		<Unit filename="include/customWindowNotes.h" />
		<Unit filename="include/customWindowTop.h" />
		<Unit filename="include/cyclesData.h" />
		<Unit filename="include/cyclesData_declarations.h" />
		<Unit filename="include/cyclesLengthChart.h" />
		<Unit filename="include/dayEntry.h" />
		<Unit filename="include/dayFrame.h" />
		<Unit filename="include/drawingClass.h" />
		<Unit filename="include/goToFrame.h" />
		<Unit filename="include/liveUpdateClass.h" />
		<Unit filename="include/lutealPhasesChart.h" />
		<Unit filename="include/nfpMainFrame.h" />
		<Unit filename="include/notificationFrame.h" />
		<Unit filename="include/phasesChart.h" />
		<Unit filename="include/printFrame.h" />
		<Unit filename="include/statisticsFrame.h" />
		<Unit filename="include/temperaturesChart.h" />
		<Unit filename="include/translationHelper.h" />
		<Unit filename="include/updatesNotificationForm.h" />
		<Unit filename="include/utilClass.h" />
		<Unit filename="include/wx-nfpApp.h" />
		<Unit filename="include/wx-nfpAppInfo.h" />
		<Unit filename="include/wx-nfpAppVersion.h" />
		<Unit filename="src/aboutFrame.cpp" />
		<Unit filename="src/cardEntry.cpp" />
		<Unit filename="src/cardFrame.cpp" />
		<Unit filename="src/chart.cpp" />
		<Unit filename="src/configClass.cpp" />
		<Unit filename="src/configFrame.cpp" />
		<Unit filename="src/customChartWindow.cpp" />
		<Unit filename="src/customPrintout.cpp" />
		<Unit filename="src/customWindowLeft.cpp" />
		<Unit filename="src/customWindowMain.cpp" />
		<Unit filename="src/customWindowNotes.cpp" />
		<Unit filename="src/customWindowTop.cpp" />
		<Unit filename="src/cyclesData.cpp" />
		<Unit filename="src/cyclesData_results.cpp" />
		<Unit filename="src/cyclesLengthChart.cpp" />
		<Unit filename="src/dayEntry.cpp" />
		<Unit filename="src/dayFrame.cpp" />
		<Unit filename="src/drawingClass.cpp" />
		<Unit filename="src/goToFrame.cpp" />
		<Unit filename="src/liveUpdateClass.cpp" />
		<Unit filename="src/lutealPhasesChart.cpp" />
		<Unit filename="src/nfpMainFrame.cpp" />
		<Unit filename="src/notificationFrame.cpp" />
		<Unit filename="src/phasesChart.cpp" />
		<Unit filename="src/printFrame.cpp" />
		<Unit filename="src/statisticsFrame.cpp" />
		<Unit filename="src/temperaturesChart.cpp" />
		<Unit filename="src/translationHelper.cpp" />
		<Unit filename="src/updatesNotificationForm.cpp" />
		<Unit filename="src/utilClass.cpp" />
		<Unit filename="src/wx-nfpApp.cpp" />
		<Unit filename="wx-nfpApp.rc">
			<Option compilerVar="WINDRES" />
		</Unit>
		<Unit filename="wxsmith/cardFrame.wxs" />
		<Unit filename="wxsmith/configFrame.wxs" />
		<Unit filename="wxsmith/dayFrame.wxs" />
		<Unit filename="wxsmith/goToFrame.wxs" />
		<Unit filename="wxsmith/statisticsFrame.wxs" />
		<Extensions>
			<code_completion />
			<wxsmith version="1">
				<gui name="wxWidgets" src="" main="" init_handlers="necessary" language="CPP" />
				<resources>
					<wxDialog wxs="wxsmith/cardFrame.wxs" src="src/cardFrame.cpp" hdr="include/cardFrame.h" fwddecl="0" i18n="1" name="cardFrame" language="CPP" />
					<wxDialog wxs="wxsmith/dayFrame.wxs" src="src/dayFrame.cpp" hdr="include/dayFrame.h" fwddecl="0" i18n="1" name="dayFrame" language="CPP" />
					<wxDialog wxs="wxsmith/goToFrame.wxs" src="src/goToFrame.cpp" hdr="include/goToFrame.h" fwddecl="0" i18n="1" name="goToFrame" language="CPP" />
					<wxDialog wxs="wxsmith/configFrame.wxs" src="src/configFrame.cpp" hdr="include/configFrame.h" fwddecl="0" i18n="1" name="configFrame" language="CPP" />
					<wxFrame wxs="wxsmith/statisticsFrame.wxs" src="src/statisticsFrame.cpp" hdr="include/statisticsFrame.h" fwddecl="0" i18n="1" name="statisticsFrame" language="CPP" />
				</resources>
			</wxsmith>
			<envvars />
			<debugger />
			<AutoVersioning>
				<Scheme minor_max="20" build_max="0" rev_max="0" rev_rand_max="1" build_times_to_increment_minor="500000" />
				<Settings autoincrement="0" date_declarations="1" update_manifest="1" do_auto_increment="1" ask_to_increment="0" language="C++" svn="0" svn_directory=" " header_path="include/wx-nfpAppVersion.h" />
				<Changes_Log show_changes_editor="0" app_title="%M.%m.%b" changeslog_path="changesLog.txt" />
				<Code header_guard="VERSION_H" namespace="AutoVersion" prefix=" " />
			</AutoVersioning>
			<DoxyBlocks>
				<comment_style block="0" line="0" />
				<doxyfile_project />
				<doxyfile_build />
				<doxyfile_warnings />
				<doxyfile_output />
				<doxyfile_dot />
				<general />
			</DoxyBlocks>
		</Extensions>
	</Project>
</CodeBlocks_project_file>
